
Microsoft Visual Studio Solution File, Format Version 12.00
# Visual Studio Version 16
VisualStudioVersion = 16.0.31105.61
MinimumVisualStudioVersion = 10.0.40219.1
Project("{FAE04EC0-301F-11D3-BF4B-00C04F79EFBC}") = "WindowsFormsLab4", "WindowsFormsLab4\WindowsFormsLab4.csproj", "{A2D1060C-E996-488F-8EA9-956920339BF2}"
EndProject
Global
	GlobalSection(SolutionConfigurationPlatforms) = preSolution
		Debug|Any CPU = Debug|Any CPU
		Release|Any CPU = Release|Any CPU
	EndGlobalSection
	GlobalSection(ProjectConfigurationPlatforms) = postSolution
		{A2D1060C-E996-488F-8EA9-956920339BF2}.Debug|Any CPU.ActiveCfg = Debug|Any CPU
		{A2D1060C-E996-488F-8EA9-956920339BF2}.Debug|Any CPU.Build.0 = Debug|Any CPU
		{A2D1060C-E996-488F-8EA9-956920339BF2}.Release|Any CPU.ActiveCfg = Release|Any CPU
		{A2D1060C-E996-488F-8EA9-956920339BF2}.Release|Any CPU.Build.0 = Release|Any CPU
	EndGlobalSection
	GlobalSection(SolutionProperties) = preSolution
		HideSolutionNode = FALSE
	EndGlobalSection
	GlobalSection(ExtensibilityGlobals) = postSolution
		SolutionGuid = {520BEE2C-5BC6-445A-9AD1-47CD4507ADDC}
	EndGlobalSection
EndGlobal
